// !$*UTF8*$!
{
	archiveVersion = 1;
	classes = {
	};
	objectVersion = 56;
	objects = {

/* Begin PBXBuildFile section */
		9776F95C2A0AE40B00BF47AA /* ChezzleApp.swift in Sources */ = {isa = PBXBuildFile; fileRef = 9776F95B2A0AE40B00BF47AA /* ChezzleApp.swift */; };
		9776F95E2A0AE40B00BF47AA /* ContentView.swift in Sources */ = {isa = PBXBuildFile; fileRef = 9776F95D2A0AE40B00BF47AA /* ContentView.swift */; };
		9776F9602A0AE40D00BF47AA /* Assets.xcassets in Resources */ = {isa = PBXBuildFile; fileRef = 9776F95F2A0AE40D00BF47AA /* Assets.xcassets */; };
		9776F9642A0AE40D00BF47AA /* Preview Assets.xcassets in Resources */ = {isa = PBXBuildFile; fileRef = 9776F9632A0AE40D00BF47AA /* Preview Assets.xcassets */; };
		9776F96E2A0AE40D00BF47AA /* ChezzleTests.swift in Sources */ = {isa = PBXBuildFile; fileRef = 9776F96D2A0AE40D00BF47AA /* ChezzleTests.swift */; };
		9776F9782A0AE40D00BF47AA /* ChezzleUITests.swift in Sources */ = {isa = PBXBuildFile; fileRef = 9776F9772A0AE40D00BF47AA /* ChezzleUITests.swift */; };
		9776F97A2A0AE40D00BF47AA /* ChezzleUITestsLaunchTests.swift in Sources */ = {isa = PBXBuildFile; fileRef = 9776F9792A0AE40D00BF47AA /* ChezzleUITestsLaunchTests.swift */; };
/* End PBXBuildFile section */

/* Begin PBXContainerItemProxy section */
		9776F96A2A0AE40D00BF47AA /* PBXContainerItemProxy */ = {
			isa = PBXContainerItemProxy;
			containerPortal = 9776F9502A0AE40B00BF47AA /* Project object */;
			proxyType = 1;
			remoteGlobalIDString = 9776F9572A0AE40B00BF47AA;
			remoteInfo = Chezzle;
		};
		9776F9742A0AE40D00BF47AA /* PBXContainerItemProxy */ = {
			isa = PBXContainerItemProxy;
			containerPortal = 9776F9502A0AE40B00BF47AA /* Project object */;
			proxyType = 1;
			remoteGlobalIDString = 9776F9572A0AE40B00BF47AA;
			remoteInfo = Chezzle;
		};
/* End PBXContainerItemProxy section */

/* Begin PBXFileReference section */
		9776F9582A0AE40B00BF47AA /* Chezzle.app */ = {isa = PBXFileReference; explicitFileType = wrapper.application; includeInIndex = 0; path = Chezzle.app; sourceTree = BUILT_PRODUCTS_DIR; };
		9776F95B2A0AE40B00BF47AA /* ChezzleApp.swift */ = {isa = PBXFileReference; lastKnownFileType = sourcecode.swift; path = ChezzleApp.swift; sourceTree = "<group>"; };
		9776F95D2A0AE40B00BF47AA /* ContentView.swift */ = {isa = PBXFileReference; lastKnownFileType = sourcecode.swift; path = ContentView.swift; sourceTree = "<group>"; };
		9776F95F2A0AE40D00BF47AA /* Assets.xcassets */ = {isa = PBXFileReference; lastKnownFileType = folder.assetcatalog; path = Assets.xcassets; sourceTree = "<group>"; };
		9776F9612A0AE40D00BF47AA /* Chezzle.entitlements */ = {isa = PBXFileReference; lastKnownFileType = text.plist.entitlements; path = Chezzle.entitlements; sourceTree = "<group>"; };
		9776F9632A0AE40D00BF47AA /* Preview Assets.xcassets */ = {isa = PBXFileReference; lastKnownFileType = folder.assetcatalog; path = "Preview Assets.xcassets"; sourceTree = "<group>"; };
		9776F9692A0AE40D00BF47AA /* ChezzleTests.xctest */ = {isa = PBXFileReference; explicitFileType = wrapper.cfbundle; includeInIndex = 0; path = ChezzleTests.xctest; sourceTree = BUILT_PRODUCTS_DIR; };
		9776F96D2A0AE40D00BF47AA /* ChezzleTests.swift */ = {isa = PBXFileReference; lastKnownFileType = sourcecode.swift; path = ChezzleTests.swift; sourceTree = "<group>"; };
		9776F9732A0AE40D00BF47AA /* ChezzleUITests.xctest */ = {isa = PBXFileReference; explicitFileType = wrapper.cfbundle; includeInIndex = 0; path = ChezzleUITests.xctest; sourceTree = BUILT_PRODUCTS_DIR; };
		9776F9772A0AE40D00BF47AA /* ChezzleUITests.swift */ = {isa = PBXFileReference; lastKnownFileType = sourcecode.swift; path = ChezzleUITests.swift; sourceTree = "<group>"; };
		9776F9792A0AE40D00BF47AA /* ChezzleUITestsLaunchTests.swift */ = {isa = PBXFileReference; lastKnownFileType = sourcecode.swift; path = ChezzleUITestsLaunchTests.swift; sourceTree = "<group>"; };
/* End PBXFileReference section */

/* Begin PBXFrameworksBuildPhase section */
		9776F9552A0AE40B00BF47AA /* Frameworks */ = {
			isa = PBXFrameworksBuildPhase;
			buildActionMask = 2147483647;
			files = (
			);
			runOnlyForDeploymentPostprocessing = 0;
		};
		9776F9662A0AE40D00BF47AA /* Frameworks */ = {
			isa = PBXFrameworksBuildPhase;
			buildActionMask = 2147483647;
			files = (
			);
			runOnlyForDeploymentPostprocessing = 0;
		};
		9776F9702A0AE40D00BF47AA /* Frameworks */ = {
			isa = PBXFrameworksBuildPhase;
			buildActionMask = 2147483647;
			files = (
			);
			runOnlyForDeploymentPostprocessing = 0;
		};
/* End PBXFrameworksBuildPhase section */

/* Begin PBXGroup section */
		9776F94F2A0AE40B00BF47AA = {
			isa = PBXGroup;
			children = (
				9776F95A2A0AE40B00BF47AA /* Chezzle */,
				9776F96C2A0AE40D00BF47AA /* ChezzleTests */,
				9776F9762A0AE40D00BF47AA /* ChezzleUITests */,
				9776F9592A0AE40B00BF47AA /* Products */,
			);
			sourceTree = "<group>";
		};
		9776F9592A0AE40B00BF47AA /* Products */ = {
			isa = PBXGroup;
			children = (
				9776F9582A0AE40B00BF47AA /* Chezzle.app */,
				9776F9692A0AE40D00BF47AA /* ChezzleTests.xctest */,
				9776F9732A0AE40D00BF47AA /* ChezzleUITests.xctest */,
			);
			name = Products;
			sourceTree = "<group>";
		};
		9776F95A2A0AE40B00BF47AA /* Chezzle */ = {
			isa = PBXGroup;
			children = (
				9776F95B2A0AE40B00BF47AA /* ChezzleApp.swift */,
				9776F95D2A0AE40B00BF47AA /* ContentView.swift */,
				9776F95F2A0AE40D00BF47AA /* Assets.xcassets */,
				9776F9612A0AE40D00BF47AA /* Chezzle.entitlements */,
				9776F9622A0AE40D00BF47AA /* Preview Content */,
			);
			path = Chezzle;
			sourceTree = "<group>";
		};
		9776F9622A0AE40D00BF47AA /* Preview Content */ = {
			isa = PBXGroup;
			children = (
				9776F9632A0AE40D00BF47AA /* Preview Assets.xcassets */,
			);
			path = "Preview Content";
			sourceTree = "<group>";
		};
		9776F96C2A0AE40D00BF47AA /* ChezzleTests */ = {
			isa = PBXGroup;
			children = (
				9776F96D2A0AE40D00BF47AA /* ChezzleTests.swift */,
			);
			path = ChezzleTests;
			sourceTree = "<group>";
		};
		9776F9762A0AE40D00BF47AA /* ChezzleUITests */ = {
			isa = PBXGroup;
			children = (
				9776F9772A0AE40D00BF47AA /* ChezzleUITests.swift */,
				9776F9792A0AE40D00BF47AA /* ChezzleUITestsLaunchTests.swift */,
			);
			path = ChezzleUITests;
			sourceTree = "<group>";
		};
/* End PBXGroup section */

/* Begin PBXNativeTarget section */
		9776F9572A0AE40B00BF47AA /* Chezzle */ = {
			isa = PBXNativeTarget;
			buildConfigurationList = 9776F97D2A0AE40D00BF47AA /* Build configuration list for PBXNativeTarget "Chezzle" */;
			buildPhases = (
				9776F9542A0AE40B00BF47AA /* Sources */,
				9776F9552A0AE40B00BF47AA /* Frameworks */,
				9776F9562A0AE40B00BF47AA /* Resources */,
			);
			buildRules = (
			);
			dependencies = (
			);
			name = Chezzle;
			productName = Chezzle;
			productReference = 9776F9582A0AE40B00BF47AA /* Chezzle.app */;
			productType = "com.apple.product-type.application";
		};
		9776F9682A0AE40D00BF47AA /* ChezzleTests */ = {
			isa = PBXNativeTarget;
			buildConfigurationList = 9776F9802A0AE40D00BF47AA /* Build configuration list for PBXNativeTarget "ChezzleTests" */;
			buildPhases = (
				9776F9652A0AE40D00BF47AA /* Sources */,
				9776F9662A0AE40D00BF47AA /* Frameworks */,
				9776F9672A0AE40D00BF47AA /* Resources */,
			);
			buildRules = (
			);
			dependencies = (
				9776F96B2A0AE40D00BF47AA /* PBXTargetDependency */,
			);
			name = ChezzleTests;
			productName = ChezzleTests;
			productReference = 9776F9692A0AE40D00BF47AA /* ChezzleTests.xctest */;
			productType = "com.apple.product-type.bundle.unit-test";
		};
		9776F9722A0AE40D00BF47AA /* ChezzleUITests */ = {
			isa = PBXNativeTarget;
			buildConfigurationList = 9776F9832A0AE40D00BF47AA /* Build configuration list for PBXNativeTarget "ChezzleUITests" */;
			buildPhases = (
				9776F96F2A0AE40D00BF47AA /* Sources */,
				9776F9702A0AE40D00BF47AA /* Frameworks */,
				9776F9712A0AE40D00BF47AA /* Resources */,
			);
			buildRules = (
			);
			dependencies = (
				9776F9752A0AE40D00BF47AA /* PBXTargetDependency */,
			);
			name = ChezzleUITests;
			productName = ChezzleUITests;
			productReference = 9776F9732A0AE40D00BF47AA /* ChezzleUITests.xctest */;
			productType = "com.apple.product-type.bundle.ui-testing";
		};
/* End PBXNativeTarget section */

/* Begin PBXProject section */
		9776F9502A0AE40B00BF47AA /* Project object */ = {
			isa = PBXProject;
			attributes = {
				BuildIndependentTargetsInParallel = 1;
				LastSwiftUpdateCheck = 1430;
				LastUpgradeCheck = 1430;
				TargetAttributes = {
					9776F9572A0AE40B00BF47AA = {
						CreatedOnToolsVersion = 14.3;
					};
					9776F9682A0AE40D00BF47AA = {
						CreatedOnToolsVersion = 14.3;
						TestTargetID = 9776F9572A0AE40B00BF47AA;
					};
					9776F9722A0AE40D00BF47AA = {
						CreatedOnToolsVersion = 14.3;
						TestTargetID = 9776F9572A0AE40B00BF47AA;
					};
				};
			};
			buildConfigurationList = 9776F9532A0AE40B00BF47AA /* Build configuration list for PBXProject "Chezzle" */;
			compatibilityVersion = "Xcode 14.0";
			developmentRegion = en;
			hasScannedForEncodings = 0;
			knownRegions = (
				en,
				Base,
			);
			mainGroup = 9776F94F2A0AE40B00BF47AA;
			productRefGroup = 9776F9592A0AE40B00BF47AA /* Products */;
			projectDirPath = "";
			projectRoot = "";
			targets = (
				9776F9572A0AE40B00BF47AA /* Chezzle */,
				9776F9682A0AE40D00BF47AA /* ChezzleTests */,
				9776F9722A0AE40D00BF47AA /* ChezzleUITests */,
			);
		};
/* End PBXProject section */

/* Begin PBXResourcesBuildPhase section */
		9776F9562A0AE40B00BF47AA /* Resources */ = {
			isa = PBXResourcesBuildPhase;
			buildActionMask = 2147483647;
			files = (
				9776F9642A0AE40D00BF47AA /* Preview Assets.xcassets in Resources */,
				9776F9602A0AE40D00BF47AA /* Assets.xcassets in Resources */,
			);
			runOnlyForDeploymentPostprocessing = 0;
		};
		9776F9672A0AE40D00BF47AA /* Resources */ = {
			isa = PBXResourcesBuildPhase;
			buildActionMask = 2147483647;
			files = (
			);
			runOnlyForDeploymentPostprocessing = 0;
		};
		9776F9712A0AE40D00BF47AA /* Resources */ = {
			isa = PBXResourcesBuildPhase;
			buildActionMask = 2147483647;
			files = (
			);
			runOnlyForDeploymentPostprocessing = 0;
		};
/* End PBXResourcesBuildPhase section */

/* Begin PBXSourcesBuildPhase section */
		9776F9542A0AE40B00BF47AA /* Sources */ = {
			isa = PBXSourcesBuildPhase;
			buildActionMask = 2147483647;
			files = (
				9776F95E2A0AE40B00BF47AA /* ContentView.swift in Sources */,
				9776F95C2A0AE40B00BF47AA /* ChezzleApp.swift in Sources */,
			);
			runOnlyForDeploymentPostprocessing = 0;
		};
		9776F9652A0AE40D00BF47AA /* Sources */ = {
			isa = PBXSourcesBuildPhase;
			buildActionMask = 2147483647;
			files = (
				9776F96E2A0AE40D00BF47AA /* ChezzleTests.swift in Sources */,
			);
			runOnlyForDeploymentPostprocessing = 0;
		};
		9776F96F2A0AE40D00BF47AA /* Sources */ = {
			isa = PBXSourcesBuildPhase;
			buildActionMask = 2147483647;
			files = (
				9776F97A2A0AE40D00BF47AA /* ChezzleUITestsLaunchTests.swift in Sources */,
				9776F9782A0AE40D00BF47AA /* ChezzleUITests.swift in Sources */,
			);
			runOnlyForDeploymentPostprocessing = 0;
		};
/* End PBXSourcesBuildPhase section */

/* Begin PBXTargetDependency section */
		9776F96B2A0AE40D00BF47AA /* PBXTargetDependency */ = {
			isa = PBXTargetDependency;
			target = 9776F9572A0AE40B00BF47AA /* Chezzle */;
			targetProxy = 9776F96A2A0AE40D00BF47AA /* PBXContainerItemProxy */;
		};
		9776F9752A0AE40D00BF47AA /* PBXTargetDependency */ = {
			isa = PBXTargetDependency;
			target = 9776F9572A0AE40B00BF47AA /* Chezzle */;
			targetProxy = 9776F9742A0AE40D00BF47AA /* PBXContainerItemProxy */;
		};
/* End PBXTargetDependency section */

/* Begin XCBuildConfiguration section */
		9776F97B2A0AE40D00BF47AA /* Debug */ = {
			isa = XCBuildConfiguration;
			buildSettings = {
				ALWAYS_SEARCH_USER_PATHS = NO;
				CLANG_ANALYZER_NONNULL = YES;
				CLANG_ANALYZER_NUMBER_OBJECT_CONVERSION = YES_AGGRESSIVE;
				CLANG_CXX_LANGUAGE_STANDARD = "gnu++20";
				CLANG_ENABLE_MODULES = YES;
				CLANG_ENABLE_OBJC_ARC = YES;
				CLANG_ENABLE_OBJC_WEAK = YES;
				CLANG_WARN_BLOCK_CAPTURE_AUTORELEASING = YES;
				CLANG_WARN_BOOL_CONVERSION = YES;
				CLANG_WARN_COMMA = YES;
				CLANG_WARN_CONSTANT_CONVERSION = YES;
				CLANG_WARN_DEPRECATED_OBJC_IMPLEMENTATIONS = YES;
				CLANG_WARN_DIRECT_OBJC_ISA_USAGE = YES_ERROR;
				CLANG_WARN_DOCUMENTATION_COMMENTS = YES;
				CLANG_WARN_EMPTY_BODY = YES;
				CLANG_WARN_ENUM_CONVERSION = YES;
				CLANG_WARN_INFINITE_RECURSION = YES;
				CLANG_WARN_INT_CONVERSION = YES;
				CLANG_WARN_NON_LITERAL_NULL_CONVERSION = YES;
				CLANG_WARN_OBJC_IMPLICIT_RETAIN_SELF = YES;
				CLANG_WARN_OBJC_LITERAL_CONVERSION = YES;
				CLANG_WARN_OBJC_ROOT_CLASS = YES_ERROR;
				CLANG_WARN_QUOTED_INCLUDE_IN_FRAMEWORK_HEADER = YES;
				CLANG_WARN_RANGE_LOOP_ANALYSIS = YES;
				CLANG_WARN_STRICT_PROTOTYPES = YES;
				CLANG_WARN_SUSPICIOUS_MOVE = YES;
				CLANG_WARN_UNGUARDED_AVAILABILITY = YES_AGGRESSIVE;
				CLANG_WARN_UNREACHABLE_CODE = YES;
				CLANG_WARN__DUPLICATE_METHOD_MATCH = YES;
				COPY_PHASE_STRIP = NO;
				DEBUG_INFORMATION_FORMAT = dwarf;
				ENABLE_STRICT_OBJC_MSGSEND = YES;
				ENABLE_TESTABILITY = YES;
				GCC_C_LANGUAGE_STANDARD = gnu11;
				GCC_DYNAMIC_NO_PIC = NO;
				GCC_NO_COMMON_BLOCKS = YES;
				GCC_OPTIMIZATION_LEVEL = 0;
				GCC_PREPROCESSOR_DEFINITIONS = (
					"DEBUG=1",
					"$(inherited)",
				);
				GCC_WARN_64_TO_32_BIT_CONVERSION = YES;
				GCC_WARN_ABOUT_RETURN_TYPE = YES_ERROR;
				GCC_WARN_UNDECLARED_SELECTOR = YES;
				GCC_WARN_UNINITIALIZED_AUTOS = YES_AGGRESSIVE;
				GCC_WARN_UNUSED_FUNCTION = YES;
				GCC_WARN_UNUSED_VARIABLE = YES;
				MTL_ENABLE_DEBUG_INFO = INCLUDE_SOURCE;
				MTL_FAST_MATH = YES;
				ONLY_ACTIVE_ARCH = YES;
				SWIFT_ACTIVE_COMPILATION_CONDITIONS = DEBUG;
				SWIFT_OPTIMIZATION_LEVEL = "-Onone";
			};
			name = Debug;
		};
		9776F97C2A0AE40D00BF47AA /* Release */ = {
			isa = XCBuildConfiguration;
			buildSettings = {
				ALWAYS_SEARCH_USER_PATHS = NO;
				CLANG_ANALYZER_NONNULL = YES;
				CLANG_ANALYZER_NUMBER_OBJECT_CONVERSION = YES_AGGRESSIVE;
				CLANG_CXX_LANGUAGE_STANDARD = "gnu++20";
				CLANG_ENABLE_MODULES = YES;
				CLANG_ENABLE_OBJC_ARC = YES;
				CLANG_ENABLE_OBJC_WEAK = YES;
				CLANG_WARN_BLOCK_CAPTURE_AUTORELEASING = YES;
				CLANG_WARN_BOOL_CONVERSION = YES;
				CLANG_WARN_COMMA = YES;
				CLANG_WARN_CONSTANT_CONVERSION = YES;
				CLANG_WARN_DEPRECATED_OBJC_IMPLEMENTATIONS = YES;
				CLANG_WARN_DIRECT_OBJC_ISA_USAGE = YES_ERROR;
				CLANG_WARN_DOCUMENTATION_COMMENTS = YES;
				CLANG_WARN_EMPTY_BODY = YES;
				CLANG_WARN_ENUM_CONVERSION = YES;
				CLANG_WARN_INFINITE_RECURSION = YES;
				CLANG_WARN_INT_CONVERSION = YES;
				CLANG_WARN_NON_LITERAL_NULL_CONVERSION = YES;
				CLANG_WARN_OBJC_IMPLICIT_RETAIN_SELF = YES;
				CLANG_WARN_OBJC_LITERAL_CONVERSION = YES;
				CLANG_WARN_OBJC_ROOT_CLASS = YES_ERROR;
				CLANG_WARN_QUOTED_INCLUDE_IN_FRAMEWORK_HEADER = YES;
				CLANG_WARN_RANGE_LOOP_ANALYSIS = YES;
				CLANG_WARN_STRICT_PROTOTYPES = YES;
				CLANG_WARN_SUSPICIOUS_MOVE = YES;
				CLANG_WARN_UNGUARDED_AVAILABILITY = YES_AGGRESSIVE;
				CLANG_WARN_UNREACHABLE_CODE = YES;
				CLANG_WARN__DUPLICATE_METHOD_MATCH = YES;
				COPY_PHASE_STRIP = NO;
				DEBUG_INFORMATION_FORMAT = "dwarf-with-dsym";
				ENABLE_NS_ASSERTIONS = NO;
				ENABLE_STRICT_OBJC_MSGSEND = YES;
				GCC_C_LANGUAGE_STANDARD = gnu11;
				GCC_NO_COMMON_BLOCKS = YES;
				GCC_WARN_64_TO_32_BIT_CONVERSION = YES;
				GCC_WARN_ABOUT_RETURN_TYPE = YES_ERROR;
				GCC_WARN_UNDECLARED_SELECTOR = YES;
				GCC_WARN_UNINITIALIZED_AUTOS = YES_AGGRESSIVE;
				GCC_WARN_UNUSED_FUNCTION = YES;
				GCC_WARN_UNUSED_VARIABLE = YES;
				MTL_ENABLE_DEBUG_INFO = NO;
				MTL_FAST_MATH = YES;
				SWIFT_COMPILATION_MODE = wholemodule;
				SWIFT_OPTIMIZATION_LEVEL = "-O";
			};
			name = Release;
		};
		9776F97E2A0AE40D00BF47AA /* Debug */ = {
			isa = XCBuildConfiguration;
			buildSettings = {
				ASSETCATALOG_COMPILER_APPICON_NAME = AppIcon;
				ASSETCATALOG_COMPILER_GLOBAL_ACCENT_COLOR_NAME = AccentColor;
				CODE_SIGN_ENTITLEMENTS = Chezzle/Chezzle.entitlements;
				CODE_SIGN_STYLE = Automatic;
				CURRENT_PROJECT_VERSION = 1;
				DEVELOPMENT_ASSET_PATHS = "\"Chezzle/Preview Content\"";
				ENABLE_PREVIEWS = YES;
				GENERATE_INFOPLIST_FILE = YES;
				"INFOPLIST_KEY_UIApplicationSceneManifest_Generation[sdk=iphoneos*]" = YES;
				"INFOPLIST_KEY_UIApplicationSceneManifest_Generation[sdk=iphonesimulator*]" = YES;
				"INFOPLIST_KEY_UIApplicationSupportsIndirectInputEvents[sdk=iphoneos*]" = YES;
				"INFOPLIST_KEY_UIApplicationSupportsIndirectInputEvents[sdk=iphonesimulator*]" = YES;
				"INFOPLIST_KEY_UILaunchScreen_Generation[sdk=iphoneos*]" = YES;
				"INFOPLIST_KEY_UILaunchScreen_Generation[sdk=iphonesimulator*]" = YES;
				"INFOPLIST_KEY_UIStatusBarStyle[sdk=iphoneos*]" = UIStatusBarStyleDefault;
				"INFOPLIST_KEY_UIStatusBarStyle[sdk=iphonesimulator*]" = UIStatusBarStyleDefault;
				INFOPLIST_KEY_UISupportedInterfaceOrientations_iPad = "UIInterfaceOrientationPortrait UIInterfaceOrientationPortraitUpsideDown UIInterfaceOrientationLandscapeLeft UIInterfaceOrientationLandscapeRight";
				INFOPLIST_KEY_UISupportedInterfaceOrientations_iPhone = "UIInterfaceOrientationPortrait UIInterfaceOrientationLandscapeLeft UIInterfaceOrientationLandscapeRight";
				IPHONEOS_DEPLOYMENT_TARGET = 16.4;
				LD_RUNPATH_SEARCH_PATHS = "@executable_path/Frameworks";
				"LD_RUNPATH_SEARCH_PATHS[sdk=macosx*]" = "@executable_path/../Frameworks";
				MACOSX_DEPLOYMENT_TARGET = 13.1;
				MARKETING_VERSION = 1.0;
				PRODUCT_BUNDLE_IDENTIFIER = FreshDev.Chezzle;
				PRODUCT_NAME = "$(TARGET_NAME)";
				SDKROOT = auto;
				SUPPORTED_PLATFORMS = "iphoneos iphonesimulator macosx";
				SWIFT_EMIT_LOC_STRINGS = YES;
				SWIFT_VERSION = 5.0;
				TARGETED_DEVICE_FAMILY = "1,2";
			};
			name = Debug;
		};
		9776F97F2A0AE40D00BF47AA /* Release */ = {
			isa = XCBuildConfiguration;
			buildSettings = {
				ASSETCATALOG_COMPILER_APPICON_NAME = AppIcon;
				ASSETCATALOG_COMPILER_GLOBAL_ACCENT_COLOR_NAME = AccentColor;
				CODE_SIGN_ENTITLEMENTS = Chezzle/Chezzle.entitlements;
				CODE_SIGN_STYLE = Automatic;
				CURRENT_PROJECT_VERSION = 1;
				DEVELOPMENT_ASSET_PATHS = "\"Chezzle/Preview Content\"";
				ENABLE_PREVIEWS = YES;
				GENERATE_INFOPLIST_FILE = YES;
				"INFOPLIST_KEY_UIApplicationSceneManifest_Generation[sdk=iphoneos*]" = YES;
				"INFOPLIST_KEY_UIApplicationSceneManifest_Generation[sdk=iphonesimulator*]" = YES;
				"INFOPLIST_KEY_UIApplicationSupportsIndirectInputEvents[sdk=iphoneos*]" = YES;
				"INFOPLIST_KEY_UIApplicationSupportsIndirectInputEvents[sdk=iphonesimulator*]" = YES;
				"INFOPLIST_KEY_UILaunchScreen_Generation[sdk=iphoneos*]" = YES;
				"INFOPLIST_KEY_UILaunchScreen_Generation[sdk=iphonesimulator*]" = YES;
				"INFOPLIST_KEY_UIStatusBarStyle[sdk=iphoneos*]" = UIStatusBarStyleDefault;
				"INFOPLIST_KEY_UIStatusBarStyle[sdk=iphonesimulator*]" = UIStatusBarStyleDefault;
				INFOPLIST_KEY_UISupportedInterfaceOrientations_iPad = "UIInterfaceOrientationPortrait UIInterfaceOrientationPortraitUpsideDown UIInterfaceOrientationLandscapeLeft UIInterfaceOrientationLandscapeRight";
				INFOPLIST_KEY_UISupportedInterfaceOrientations_iPhone = "UIInterfaceOrientationPortrait UIInterfaceOrientationLandscapeLeft UIInterfaceOrientationLandscapeRight";
				IPHONEOS_DEPLOYMENT_TARGET = 16.4;
				LD_RUNPATH_SEARCH_PATHS = "@executable_path/Frameworks";
				"LD_RUNPATH_SEARCH_PATHS[sdk=macosx*]" = "@executable_path/../Frameworks";
				MACOSX_DEPLOYMENT_TARGET = 13.1;
				MARKETING_VERSION = 1.0;
				PRODUCT_BUNDLE_IDENTIFIER = FreshDev.Chezzle;
				PRODUCT_NAME = "$(TARGET_NAME)";
				SDKROOT = auto;
				SUPPORTED_PLATFORMS = "iphoneos iphonesimulator macosx";
				SWIFT_EMIT_LOC_STRINGS = YES;
				SWIFT_VERSION = 5.0;
				TARGETED_DEVICE_FAMILY = "1,2";
			};
			name = Release;
		};
		9776F9812A0AE40D00BF47AA /* Debug */ = {
			isa = XCBuildConfiguration;
			buildSettings = {
				ALWAYS_EMBED_SWIFT_STANDARD_LIBRARIES = YES;
				BUNDLE_LOADER = "$(TEST_HOST)";
				CODE_SIGN_STYLE = Automatic;
				CURRENT_PROJECT_VERSION = 1;
				GENERATE_INFOPLIST_FILE = YES;
				IPHONEOS_DEPLOYMENT_TARGET = 16.4;
				MACOSX_DEPLOYMENT_TARGET = 13.1;
				MARKETING_VERSION = 1.0;
				PRODUCT_BUNDLE_IDENTIFIER = FreshDev.ChezzleTests;
				PRODUCT_NAME = "$(TARGET_NAME)";
				SDKROOT = auto;
				SUPPORTED_PLATFORMS = "iphoneos iphonesimulator macosx";
				SWIFT_EMIT_LOC_STRINGS = NO;
				SWIFT_VERSION = 5.0;
				TARGETED_DEVICE_FAMILY = "1,2";
				TEST_HOST = "$(BUILT_PRODUCTS_DIR)/Chezzle.app/$(BUNDLE_EXECUTABLE_FOLDER_PATH)/Chezzle";
			};
			name = Debug;
		};
		9776F9822A0AE40D00BF47AA /* Release */ = {
			isa = XCBuildConfiguration;
			buildSettings = {
				ALWAYS_EMBED_SWIFT_STANDARD_LIBRARIES = YES;
				BUNDLE_LOADER = "$(TEST_HOST)";
				CODE_SIGN_STYLE = Automatic;
				CURRENT_PROJECT_VERSION = 1;
				GENERATE_INFOPLIST_FILE = YES;
				IPHONEOS_DEPLOYMENT_TARGET = 16.4;
				MACOSX_DEPLOYMENT_TARGET = 13.1;
				MARKETING_VERSION = 1.0;
				PRODUCT_BUNDLE_IDENTIFIER = FreshDev.ChezzleTests;
				PRODUCT_NAME = "$(TARGET_NAME)";
				SDKROOT = auto;
				SUPPORTED_PLATFORMS = "iphoneos iphonesimulator macosx";
				SWIFT_EMIT_LOC_STRINGS = NO;
				SWIFT_VERSION = 5.0;
				TARGETED_DEVICE_FAMILY = "1,2";
				TEST_HOST = "$(BUILT_PRODUCTS_DIR)/Chezzle.app/$(BUNDLE_EXECUTABLE_FOLDER_PATH)/Chezzle";
			};
			name = Release;
		};
		9776F9842A0AE40D00BF47AA /* Debug */ = {
			isa = XCBuildConfiguration;
			buildSettings = {
				ALWAYS_EMBED_SWIFT_STANDARD_LIBRARIES = YES;
				CODE_SIGN_STYLE = Automatic;
				CURRENT_PROJECT_VERSION = 1;
				GENERATE_INFOPLIST_FILE = YES;
				IPHONEOS_DEPLOYMENT_TARGET = 16.4;
				MACOSX_DEPLOYMENT_TARGET = 13.1;
				MARKETING_VERSION = 1.0;
				PRODUCT_BUNDLE_IDENTIFIER = FreshDev.ChezzleUITests;
				PRODUCT_NAME = "$(TARGET_NAME)";
				SDKROOT = auto;
				SUPPORTED_PLATFORMS = "iphoneos iphonesimulator macosx";
				SWIFT_EMIT_LOC_STRINGS = NO;
				SWIFT_VERSION = 5.0;
				TARGETED_DEVICE_FAMILY = "1,2";
				TEST_TARGET_NAME = Chezzle;
			};
			name = Debug;
		};
		9776F9852A0AE40D00BF47AA /* Release */ = {
			isa = XCBuildConfiguration;
			buildSettings = {
				ALWAYS_EMBED_SWIFT_STANDARD_LIBRARIES = YES;
				CODE_SIGN_STYLE = Automatic;
				CURRENT_PROJECT_VERSION = 1;
				GENERATE_INFOPLIST_FILE = YES;
				IPHONEOS_DEPLOYMENT_TARGET = 16.4;
				MACOSX_DEPLOYMENT_TARGET = 13.1;
				MARKETING_VERSION = 1.0;
				PRODUCT_BUNDLE_IDENTIFIER = FreshDev.ChezzleUITests;
				PRODUCT_NAME = "$(TARGET_NAME)";
				SDKROOT = auto;
				SUPPORTED_PLATFORMS = "iphoneos iphonesimulator macosx";
				SWIFT_EMIT_LOC_STRINGS = NO;
				SWIFT_VERSION = 5.0;
				TARGETED_DEVICE_FAMILY = "1,2";
				TEST_TARGET_NAME = Chezzle;
			};
			name = Release;
		};
/* End XCBuildConfiguration section */

/* Begin XCConfigurationList section */
		9776F9532A0AE40B00BF47AA /* Build configuration list for PBXProject "Chezzle" */ = {
			isa = XCConfigurationList;
			buildConfigurations = (
				9776F97B2A0AE40D00BF47AA /* Debug */,
				9776F97C2A0AE40D00BF47AA /* Release */,
			);
			defaultConfigurationIsVisible = 0;
			defaultConfigurationName = Release;
		};
		9776F97D2A0AE40D00BF47AA /* Build configuration list for PBXNativeTarget "Chezzle" */ = {
			isa = XCConfigurationList;
			buildConfigurations = (
				9776F97E2A0AE40D00BF47AA /* Debug */,
				9776F97F2A0AE40D00BF47AA /* Release */,
			);
			defaultConfigurationIsVisible = 0;
			defaultConfigurationName = Release;
		};
		9776F9802A0AE40D00BF47AA /* Build configuration list for PBXNativeTarget "ChezzleTests" */ = {
			isa = XCConfigurationList;
			buildConfigurations = (
				9776F9812A0AE40D00BF47AA /* Debug */,
				9776F9822A0AE40D00BF47AA /* Release */,
			);
			defaultConfigurationIsVisible = 0;
			defaultConfigurationName = Release;
		};
		9776F9832A0AE40D00BF47AA /* Build configuration list for PBXNativeTarget "ChezzleUITests" */ = {
			isa = XCConfigurationList;
			buildConfigurations = (
				9776F9842A0AE40D00BF47AA /* Debug */,
				9776F9852A0AE40D00BF47AA /* Release */,
			);
			defaultConfigurationIsVisible = 0;
			defaultConfigurationName = Release;
		};
/* End XCConfigurationList section */
	};
	rootObject = 9776F9502A0AE40B00BF47AA /* Project object */;
}
